
Microsoft Visual Studio Solution File, Format Version 12.00
# Visual Studio Version 16
VisualStudioVersion = 16.0.30804.86
MinimumVisualStudioVersion = 10.0.40219.1
Project("{FAE04EC0-301F-11D3-BF4B-00C04F79EFBC}") = "MVCBookshelf", "MVCBookshelf.csproj", "{8147188D-4ED7-4B31-82C7-59AD569975C2}"
EndProject
Global
	GlobalSection(SolutionConfigurationPlatforms) = preSolution
		Debug|Any CPU = Debug|Any CPU
		Release|Any CPU = Release|Any CPU
	EndGlobalSection
	GlobalSection(ProjectConfigurationPlatforms) = postSolution
		{8147188D-4ED7-4B31-82C7-59AD569975C2}.Debug|Any CPU.ActiveCfg = Debug|Any CPU
		{8147188D-4ED7-4B31-82C7-59AD569975C2}.Debug|Any CPU.Build.0 = Debug|Any CPU
		{8147188D-4ED7-4B31-82C7-59AD569975C2}.Release|Any CPU.ActiveCfg = Release|Any CPU
		{8147188D-4ED7-4B31-82C7-59AD569975C2}.Release|Any CPU.Build.0 = Release|Any CPU
	EndGlobalSection
	GlobalSection(SolutionProperties) = preSolution
		HideSolutionNode = FALSE
	EndGlobalSection
	GlobalSection(ExtensibilityGlobals) = postSolution
		SolutionGuid = {6C4EDE7F-0FF0-486E-9149-817A6EB47478}
	EndGlobalSection
EndGlobal
